
Microsoft Visual Studio Solution File, Format Version 12.00
# Visual Studio Version 17
VisualStudioVersion = 17.11.34909.67
MinimumVisualStudioVersion = 10.0.40219.1
Project("{FAE04EC0-301F-11D3-BF4B-00C04F79EFBC}") = "LibraryApp", "LibraryApp\LibraryApp.csproj", "{A6AA5D4F-8E92-4F4E-AB16-5CF90FA04D48}"
EndProject
Project("{FAE04EC0-301F-11D3-BF4B-00C04F79EFBC}") = "LibraryAppTests", "LibraryAppTests\LibraryAppTests.csproj", "{F17B137F-A025-4476-B4A0-577ED3315224}"
EndProject
Global
	GlobalSection(SolutionConfigurationPlatforms) = preSolution
		Debug|Any CPU = Debug|Any CPU
		Release|Any CPU = Release|Any CPU
	EndGlobalSection
	GlobalSection(ProjectConfigurationPlatforms) = postSolution
		{A6AA5D4F-8E92-4F4E-AB16-5CF90FA04D48}.Debug|Any CPU.ActiveCfg = Debug|Any CPU
		{A6AA5D4F-8E92-4F4E-AB16-5CF90FA04D48}.Debug|Any CPU.Build.0 = Debug|Any CPU
		{A6AA5D4F-8E92-4F4E-AB16-5CF90FA04D48}.Release|Any CPU.ActiveCfg = Release|Any CPU
		{A6AA5D4F-8E92-4F4E-AB16-5CF90FA04D48}.Release|Any CPU.Build.0 = Release|Any CPU
		{F17B137F-A025-4476-B4A0-577ED3315224}.Debug|Any CPU.ActiveCfg = Debug|Any CPU
		{F17B137F-A025-4476-B4A0-577ED3315224}.Debug|Any CPU.Build.0 = Debug|Any CPU
		{F17B137F-A025-4476-B4A0-577ED3315224}.Release|Any CPU.ActiveCfg = Release|Any CPU
		{F17B137F-A025-4476-B4A0-577ED3315224}.Release|Any CPU.Build.0 = Release|Any CPU
	EndGlobalSection
	GlobalSection(SolutionProperties) = preSolution
		HideSolutionNode = FALSE
	EndGlobalSection
	GlobalSection(ExtensibilityGlobals) = postSolution
		SolutionGuid = {5A936076-EC84-4897-8060-ECE7AA984791}
	EndGlobalSection
EndGlobal
